
Microsoft Visual Studio Solution File, Format Version 12.00
# Visual Studio Version 17
VisualStudioVersion = 17.7.34221.43
MinimumVisualStudioVersion = 10.0.40219.1
Project("{FAE04EC0-301F-11D3-BF4B-00C04F79EFBC}") = "task1", "task1\task1.csproj", "{14D87D1B-10EF-409C-9640-A2B89F2008F3}"
EndProject
Project("{FAE04EC0-301F-11D3-BF4B-00C04F79EFBC}") = "task2", "task2\task2.csproj", "{53CEC12B-16A9-4936-AE89-C286BF5993F8}"
EndProject
Project("{FAE04EC0-301F-11D3-BF4B-00C04F79EFBC}") = "task3", "task3\task3.csproj", "{C9E2702B-D7BA-4598-92BC-7CFC164F763C}"
EndProject
Project("{FAE04EC0-301F-11D3-BF4B-00C04F79EFBC}") = "task4", "task4\task4.csproj", "{7F10A3D4-2CC8-484A-B4D1-CF4DBD3FDD20}"
EndProject
Global
	GlobalSection(SolutionConfigurationPlatforms) = preSolution
		Debug|Any CPU = Debug|Any CPU
		Release|Any CPU = Release|Any CPU
	EndGlobalSection
	GlobalSection(ProjectConfigurationPlatforms) = postSolution
		{14D87D1B-10EF-409C-9640-A2B89F2008F3}.Debug|Any CPU.ActiveCfg = Debug|Any CPU
		{14D87D1B-10EF-409C-9640-A2B89F2008F3}.Debug|Any CPU.Build.0 = Debug|Any CPU
		{14D87D1B-10EF-409C-9640-A2B89F2008F3}.Release|Any CPU.ActiveCfg = Release|Any CPU
		{14D87D1B-10EF-409C-9640-A2B89F2008F3}.Release|Any CPU.Build.0 = Release|Any CPU
		{53CEC12B-16A9-4936-AE89-C286BF5993F8}.Debug|Any CPU.ActiveCfg = Debug|Any CPU
		{53CEC12B-16A9-4936-AE89-C286BF5993F8}.Debug|Any CPU.Build.0 = Debug|Any CPU
		{53CEC12B-16A9-4936-AE89-C286BF5993F8}.Release|Any CPU.ActiveCfg = Release|Any CPU
		{53CEC12B-16A9-4936-AE89-C286BF5993F8}.Release|Any CPU.Build.0 = Release|Any CPU
		{C9E2702B-D7BA-4598-92BC-7CFC164F763C}.Debug|Any CPU.ActiveCfg = Debug|Any CPU
		{C9E2702B-D7BA-4598-92BC-7CFC164F763C}.Debug|Any CPU.Build.0 = Debug|Any CPU
		{C9E2702B-D7BA-4598-92BC-7CFC164F763C}.Release|Any CPU.ActiveCfg = Release|Any CPU
		{C9E2702B-D7BA-4598-92BC-7CFC164F763C}.Release|Any CPU.Build.0 = Release|Any CPU
		{7F10A3D4-2CC8-484A-B4D1-CF4DBD3FDD20}.Debug|Any CPU.ActiveCfg = Debug|Any CPU
		{7F10A3D4-2CC8-484A-B4D1-CF4DBD3FDD20}.Debug|Any CPU.Build.0 = Debug|Any CPU
		{7F10A3D4-2CC8-484A-B4D1-CF4DBD3FDD20}.Release|Any CPU.ActiveCfg = Release|Any CPU
		{7F10A3D4-2CC8-484A-B4D1-CF4DBD3FDD20}.Release|Any CPU.Build.0 = Release|Any CPU
	EndGlobalSection
	GlobalSection(SolutionProperties) = preSolution
		HideSolutionNode = FALSE
	EndGlobalSection
	GlobalSection(ExtensibilityGlobals) = postSolution
		SolutionGuid = {C380B530-96F3-4609-9D97-4FB03E5D91A7}
	EndGlobalSection
EndGlobal
